
Microsoft Visual Studio Solution File, Format Version 12.00
# Visual Studio Version 17
VisualStudioVersion = 17.5.002.0
MinimumVisualStudioVersion = 10.0.40219.1
Project("{2150E333-8FDC-42A3-9474-1A3956D46DE8}") = "sandbox", "sandbox", "{9933F8B3-7158-437E-942E-EDCECD50E392}"
EndProject
Project("{9A19103F-16F7-4668-BE54-9A1E7A4F7556}") = "sandbox_project", "sandbox\sandbox_project\sandbox_project.csproj", "{23D5EE88-79CA-47DE-B1B0-DA660895D55B}"
EndProject
Project("{2150E333-8FDC-42A3-9474-1A3956D46DE8}") = "week01", "week01", "{10176C37-574F-415B-A669-EA8822659D76}"
EndProject
Project("{9A19103F-16F7-4668-BE54-9A1E7A4F7556}") = "analyze", "week01\analyze\analyze.csproj", "{15D210BE-67CC-4140-AFF1-908D3A089B3D}"
EndProject
Project("{9A19103F-16F7-4668-BE54-9A1E7A4F7556}") = "code", "week01\code\code.csproj", "{83CCEEFB-684E-42F2-9AFC-52FD32D06ED5}"
EndProject
Project("{9A19103F-16F7-4668-BE54-9A1E7A4F7556}") = "teach", "week01\teach\teach.csproj", "{A1DC9B80-AACE-4164-8BAC-027A7E1CAD16}"
EndProject
Project("{2150E333-8FDC-42A3-9474-1A3956D46DE8}") = "week02", "week02", "{702CF878-8F21-4289-A2FC-F6C4F6325B0F}"
EndProject
Project("{9A19103F-16F7-4668-BE54-9A1E7A4F7556}") = "analyze", "week02\analyze\analyze.csproj", "{95186575-0C87-4E3A-88E0-A58DCD6C71E7}"
EndProject
Project("{9A19103F-16F7-4668-BE54-9A1E7A4F7556}") = "code", "week02\code\code.csproj", "{E57A2234-264F-48FD-9FD6-8727D235959B}"
EndProject
Project("{9A19103F-16F7-4668-BE54-9A1E7A4F7556}") = "learn", "week02\learn\learn.csproj", "{94DD16C9-52A3-4FDE-B3AA-C615FB1482AF}"
EndProject
Project("{9A19103F-16F7-4668-BE54-9A1E7A4F7556}") = "teach", "week02\teach\teach.csproj", "{3205CD2C-071D-4BA5-BAE6-FA4B6B0A9EEB}"
EndProject
Project("{2150E333-8FDC-42A3-9474-1A3956D46DE8}") = "week03", "week03", "{28EA33D3-1199-41EB-81A2-AFD5C57F830E}"
EndProject
Project("{9A19103F-16F7-4668-BE54-9A1E7A4F7556}") = "code", "week03\code\code.csproj", "{9EE32A5F-1360-49ED-9813-F8741E08E531}"
EndProject
Project("{9A19103F-16F7-4668-BE54-9A1E7A4F7556}") = "learn", "week03\learn\learn.csproj", "{675982D8-8F63-42BE-840B-D773416B2BA5}"
EndProject
Project("{9A19103F-16F7-4668-BE54-9A1E7A4F7556}") = "teach", "week03\teach\teach.csproj", "{03527F23-A860-41F0-826A-55861C9CEBF2}"
EndProject
Project("{2150E333-8FDC-42A3-9474-1A3956D46DE8}") = "week04", "week04", "{62777E0C-461F-4939-B3B3-64C90757A0DC}"
EndProject
Project("{9A19103F-16F7-4668-BE54-9A1E7A4F7556}") = "code", "week04\code\code.csproj", "{1038AA0F-C6EA-4501-8298-0F5A23B00F3A}"
EndProject
Project("{2150E333-8FDC-42A3-9474-1A3956D46DE8}") = "week05", "week05", "{2D730770-FDBB-469E-B472-3B724D45CC25}"
EndProject
Project("{9A19103F-16F7-4668-BE54-9A1E7A4F7556}") = "code", "week05\code\code.csproj", "{67649C39-92FB-43D5-A249-83635EB4E0FF}"
EndProject
Project("{2150E333-8FDC-42A3-9474-1A3956D46DE8}") = "week06", "week06", "{06FC640E-31CA-4767-9661-39199BAF8E03}"
EndProject
Project("{9A19103F-16F7-4668-BE54-9A1E7A4F7556}") = "code", "week06\code\code.csproj", "{43C08A96-096E-430C-8B0B-5B312D975807}"
EndProject
Global
	GlobalSection(SolutionConfigurationPlatforms) = preSolution
		Debug|Any CPU = Debug|Any CPU
		Release|Any CPU = Release|Any CPU
	EndGlobalSection
	GlobalSection(ProjectConfigurationPlatforms) = postSolution
		{23D5EE88-79CA-47DE-B1B0-DA660895D55B}.Debug|Any CPU.ActiveCfg = Debug|Any CPU
		{23D5EE88-79CA-47DE-B1B0-DA660895D55B}.Debug|Any CPU.Build.0 = Debug|Any CPU
		{23D5EE88-79CA-47DE-B1B0-DA660895D55B}.Release|Any CPU.ActiveCfg = Release|Any CPU
		{23D5EE88-79CA-47DE-B1B0-DA660895D55B}.Release|Any CPU.Build.0 = Release|Any CPU
		{15D210BE-67CC-4140-AFF1-908D3A089B3D}.Debug|Any CPU.ActiveCfg = Debug|Any CPU
		{15D210BE-67CC-4140-AFF1-908D3A089B3D}.Debug|Any CPU.Build.0 = Debug|Any CPU
		{15D210BE-67CC-4140-AFF1-908D3A089B3D}.Release|Any CPU.ActiveCfg = Release|Any CPU
		{15D210BE-67CC-4140-AFF1-908D3A089B3D}.Release|Any CPU.Build.0 = Release|Any CPU
		{83CCEEFB-684E-42F2-9AFC-52FD32D06ED5}.Debug|Any CPU.ActiveCfg = Debug|Any CPU
		{83CCEEFB-684E-42F2-9AFC-52FD32D06ED5}.Debug|Any CPU.Build.0 = Debug|Any CPU
		{83CCEEFB-684E-42F2-9AFC-52FD32D06ED5}.Release|Any CPU.ActiveCfg = Release|Any CPU
		{83CCEEFB-684E-42F2-9AFC-52FD32D06ED5}.Release|Any CPU.Build.0 = Release|Any CPU
		{A1DC9B80-AACE-4164-8BAC-027A7E1CAD16}.Debug|Any CPU.ActiveCfg = Debug|Any CPU
		{A1DC9B80-AACE-4164-8BAC-027A7E1CAD16}.Debug|Any CPU.Build.0 = Debug|Any CPU
		{A1DC9B80-AACE-4164-8BAC-027A7E1CAD16}.Release|Any CPU.ActiveCfg = Release|Any CPU
		{A1DC9B80-AACE-4164-8BAC-027A7E1CAD16}.Release|Any CPU.Build.0 = Release|Any CPU
		{95186575-0C87-4E3A-88E0-A58DCD6C71E7}.Debug|Any CPU.ActiveCfg = Debug|Any CPU
		{95186575-0C87-4E3A-88E0-A58DCD6C71E7}.Debug|Any CPU.Build.0 = Debug|Any CPU
		{95186575-0C87-4E3A-88E0-A58DCD6C71E7}.Release|Any CPU.ActiveCfg = Release|Any CPU
		{95186575-0C87-4E3A-88E0-A58DCD6C71E7}.Release|Any CPU.Build.0 = Release|Any CPU
		{E57A2234-264F-48FD-9FD6-8727D235959B}.Debug|Any CPU.ActiveCfg = Debug|Any CPU
		{E57A2234-264F-48FD-9FD6-8727D235959B}.Debug|Any CPU.Build.0 = Debug|Any CPU
		{E57A2234-264F-48FD-9FD6-8727D235959B}.Release|Any CPU.ActiveCfg = Release|Any CPU
		{E57A2234-264F-48FD-9FD6-8727D235959B}.Release|Any CPU.Build.0 = Release|Any CPU
		{94DD16C9-52A3-4FDE-B3AA-C615FB1482AF}.Debug|Any CPU.ActiveCfg = Debug|Any CPU
		{94DD16C9-52A3-4FDE-B3AA-C615FB1482AF}.Debug|Any CPU.Build.0 = Debug|Any CPU
		{94DD16C9-52A3-4FDE-B3AA-C615FB1482AF}.Release|Any CPU.ActiveCfg = Release|Any CPU
		{94DD16C9-52A3-4FDE-B3AA-C615FB1482AF}.Release|Any CPU.Build.0 = Release|Any CPU
		{3205CD2C-071D-4BA5-BAE6-FA4B6B0A9EEB}.Debug|Any CPU.ActiveCfg = Debug|Any CPU
		{3205CD2C-071D-4BA5-BAE6-FA4B6B0A9EEB}.Debug|Any CPU.Build.0 = Debug|Any CPU
		{3205CD2C-071D-4BA5-BAE6-FA4B6B0A9EEB}.Release|Any CPU.ActiveCfg = Release|Any CPU
		{3205CD2C-071D-4BA5-BAE6-FA4B6B0A9EEB}.Release|Any CPU.Build.0 = Release|Any CPU
		{9EE32A5F-1360-49ED-9813-F8741E08E531}.Debug|Any CPU.ActiveCfg = Debug|Any CPU
		{9EE32A5F-1360-49ED-9813-F8741E08E531}.Debug|Any CPU.Build.0 = Debug|Any CPU
		{9EE32A5F-1360-49ED-9813-F8741E08E531}.Release|Any CPU.ActiveCfg = Release|Any CPU
		{9EE32A5F-1360-49ED-9813-F8741E08E531}.Release|Any CPU.Build.0 = Release|Any CPU
		{675982D8-8F63-42BE-840B-D773416B2BA5}.Debug|Any CPU.ActiveCfg = Debug|Any CPU
		{675982D8-8F63-42BE-840B-D773416B2BA5}.Debug|Any CPU.Build.0 = Debug|Any CPU
		{675982D8-8F63-42BE-840B-D773416B2BA5}.Release|Any CPU.ActiveCfg = Release|Any CPU
		{675982D8-8F63-42BE-840B-D773416B2BA5}.Release|Any CPU.Build.0 = Release|Any CPU
		{03527F23-A860-41F0-826A-55861C9CEBF2}.Debug|Any CPU.ActiveCfg = Debug|Any CPU
		{03527F23-A860-41F0-826A-55861C9CEBF2}.Debug|Any CPU.Build.0 = Debug|Any CPU
		{03527F23-A860-41F0-826A-55861C9CEBF2}.Release|Any CPU.ActiveCfg = Release|Any CPU
		{03527F23-A860-41F0-826A-55861C9CEBF2}.Release|Any CPU.Build.0 = Release|Any CPU
		{1038AA0F-C6EA-4501-8298-0F5A23B00F3A}.Debug|Any CPU.ActiveCfg = Debug|Any CPU
		{1038AA0F-C6EA-4501-8298-0F5A23B00F3A}.Debug|Any CPU.Build.0 = Debug|Any CPU
		{1038AA0F-C6EA-4501-8298-0F5A23B00F3A}.Release|Any CPU.ActiveCfg = Release|Any CPU
		{1038AA0F-C6EA-4501-8298-0F5A23B00F3A}.Release|Any CPU.Build.0 = Release|Any CPU
		{67649C39-92FB-43D5-A249-83635EB4E0FF}.Debug|Any CPU.ActiveCfg = Debug|Any CPU
		{67649C39-92FB-43D5-A249-83635EB4E0FF}.Debug|Any CPU.Build.0 = Debug|Any CPU
		{67649C39-92FB-43D5-A249-83635EB4E0FF}.Release|Any CPU.ActiveCfg = Release|Any CPU
		{67649C39-92FB-43D5-A249-83635EB4E0FF}.Release|Any CPU.Build.0 = Release|Any CPU
		{43C08A96-096E-430C-8B0B-5B312D975807}.Debug|Any CPU.ActiveCfg = Debug|Any CPU
		{43C08A96-096E-430C-8B0B-5B312D975807}.Debug|Any CPU.Build.0 = Debug|Any CPU
		{43C08A96-096E-430C-8B0B-5B312D975807}.Release|Any CPU.ActiveCfg = Release|Any CPU
		{43C08A96-096E-430C-8B0B-5B312D975807}.Release|Any CPU.Build.0 = Release|Any CPU
	EndGlobalSection
	GlobalSection(SolutionProperties) = preSolution
		HideSolutionNode = FALSE
	EndGlobalSection
	GlobalSection(NestedProjects) = preSolution
		{23D5EE88-79CA-47DE-B1B0-DA660895D55B} = {9933F8B3-7158-437E-942E-EDCECD50E392}
		{15D210BE-67CC-4140-AFF1-908D3A089B3D} = {10176C37-574F-415B-A669-EA8822659D76}
		{83CCEEFB-684E-42F2-9AFC-52FD32D06ED5} = {10176C37-574F-415B-A669-EA8822659D76}
		{A1DC9B80-AACE-4164-8BAC-027A7E1CAD16} = {10176C37-574F-415B-A669-EA8822659D76}
		{95186575-0C87-4E3A-88E0-A58DCD6C71E7} = {702CF878-8F21-4289-A2FC-F6C4F6325B0F}
		{E57A2234-264F-48FD-9FD6-8727D235959B} = {702CF878-8F21-4289-A2FC-F6C4F6325B0F}
		{94DD16C9-52A3-4FDE-B3AA-C615FB1482AF} = {702CF878-8F21-4289-A2FC-F6C4F6325B0F}
		{3205CD2C-071D-4BA5-BAE6-FA4B6B0A9EEB} = {702CF878-8F21-4289-A2FC-F6C4F6325B0F}
		{9EE32A5F-1360-49ED-9813-F8741E08E531} = {28EA33D3-1199-41EB-81A2-AFD5C57F830E}
		{675982D8-8F63-42BE-840B-D773416B2BA5} = {28EA33D3-1199-41EB-81A2-AFD5C57F830E}
		{03527F23-A860-41F0-826A-55861C9CEBF2} = {28EA33D3-1199-41EB-81A2-AFD5C57F830E}
		{1038AA0F-C6EA-4501-8298-0F5A23B00F3A} = {62777E0C-461F-4939-B3B3-64C90757A0DC}
		{67649C39-92FB-43D5-A249-83635EB4E0FF} = {2D730770-FDBB-469E-B472-3B724D45CC25}
		{43C08A96-096E-430C-8B0B-5B312D975807} = {06FC640E-31CA-4767-9661-39199BAF8E03}
	EndGlobalSection
	GlobalSection(ExtensibilityGlobals) = postSolution
		SolutionGuid = {B55D6A20-C0BB-45D8-A352-E87D921B1291}
	EndGlobalSection
EndGlobal
